
Microsoft Visual Studio Solution File, Format Version 12.00
# Visual Studio Version 17
VisualStudioVersion = 17.7.34221.43
MinimumVisualStudioVersion = 10.0.40219.1
Project("{FAE04EC0-301F-11D3-BF4B-00C04F79EFBC}") = "BlazorEcommerce.Server", "BlazorEcommerce\Server\BlazorEcommerce.Server.csproj", "{58DD447A-4A3C-45C6-8512-C9FF3E4BB2B9}"
EndProject
Project("{FAE04EC0-301F-11D3-BF4B-00C04F79EFBC}") = "BlazorEcommerce.Client", "BlazorEcommerce\Client\BlazorEcommerce.Client.csproj", "{BA3BB177-AC98-4452-AC6C-51778BA25880}"
EndProject
Project("{FAE04EC0-301F-11D3-BF4B-00C04F79EFBC}") = "BlazorEcommerce.Shared", "BlazorEcommerce\Shared\BlazorEcommerce.Shared.csproj", "{E2ECBFC0-479B-483F-9762-FDBC2A846FE6}"
EndProject
Global
	GlobalSection(SolutionConfigurationPlatforms) = preSolution
		Debug|Any CPU = Debug|Any CPU
		Release|Any CPU = Release|Any CPU
	EndGlobalSection
	GlobalSection(ProjectConfigurationPlatforms) = postSolution
		{58DD447A-4A3C-45C6-8512-C9FF3E4BB2B9}.Debug|Any CPU.ActiveCfg = Debug|Any CPU
		{58DD447A-4A3C-45C6-8512-C9FF3E4BB2B9}.Debug|Any CPU.Build.0 = Debug|Any CPU
		{58DD447A-4A3C-45C6-8512-C9FF3E4BB2B9}.Release|Any CPU.ActiveCfg = Release|Any CPU
		{58DD447A-4A3C-45C6-8512-C9FF3E4BB2B9}.Release|Any CPU.Build.0 = Release|Any CPU
		{BA3BB177-AC98-4452-AC6C-51778BA25880}.Debug|Any CPU.ActiveCfg = Debug|Any CPU
		{BA3BB177-AC98-4452-AC6C-51778BA25880}.Debug|Any CPU.Build.0 = Debug|Any CPU
		{BA3BB177-AC98-4452-AC6C-51778BA25880}.Release|Any CPU.ActiveCfg = Release|Any CPU
		{BA3BB177-AC98-4452-AC6C-51778BA25880}.Release|Any CPU.Build.0 = Release|Any CPU
		{E2ECBFC0-479B-483F-9762-FDBC2A846FE6}.Debug|Any CPU.ActiveCfg = Debug|Any CPU
		{E2ECBFC0-479B-483F-9762-FDBC2A846FE6}.Debug|Any CPU.Build.0 = Debug|Any CPU
		{E2ECBFC0-479B-483F-9762-FDBC2A846FE6}.Release|Any CPU.ActiveCfg = Release|Any CPU
		{E2ECBFC0-479B-483F-9762-FDBC2A846FE6}.Release|Any CPU.Build.0 = Release|Any CPU
	EndGlobalSection
	GlobalSection(SolutionProperties) = preSolution
		HideSolutionNode = FALSE
	EndGlobalSection
	GlobalSection(ExtensibilityGlobals) = postSolution
		SolutionGuid = {292F3DEE-F189-431A-B6CC-B16AED46611E}
	EndGlobalSection
EndGlobal
